
Microsoft Visual Studio Solution File, Format Version 12.00
# Visual Studio Version 17
VisualStudioVersion = 17.3.32929.385
MinimumVisualStudioVersion = 10.0.40219.1
Project("{8BC9CEB8-8B4A-11D0-8D11-00A0C91BC942}") = "Test", "Test\Test.vcxproj", "{967DC005-30C5-4274-85BD-725CEAF8326F}"
EndProject
Project("{8BC9CEB8-8B4A-11D0-8D11-00A0C91BC942}") = "Extern", "Extern\Extern.vcxproj", "{EC782FCC-B168-4F2D-BD09-29148B672538}"
EndProject
Project("{8BC9CEB8-8B4A-11D0-8D11-00A0C91BC942}") = "Identifier", "Identifier\Identifier.vcxproj", "{2A5797C8-AD62-45B3-B19A-630DD803E951}"
EndProject
Project("{8BC9CEB8-8B4A-11D0-8D11-00A0C91BC942}") = "Reference", "Reference\Reference.vcxproj", "{DC14A235-7CDE-47EC-BD12-CF5201765171}"
EndProject
Project("{8BC9CEB8-8B4A-11D0-8D11-00A0C91BC942}") = "string", "string\string.vcxproj", "{E4F0D095-3636-429B-B34B-312486529DCB}"
EndProject
Global
	GlobalSection(SolutionConfigurationPlatforms) = preSolution
		Debug|x64 = Debug|x64
		Debug|x86 = Debug|x86
		Release|x64 = Release|x64
		Release|x86 = Release|x86
	EndGlobalSection
	GlobalSection(ProjectConfigurationPlatforms) = postSolution
		{967DC005-30C5-4274-85BD-725CEAF8326F}.Debug|x64.ActiveCfg = Debug|x64
		{967DC005-30C5-4274-85BD-725CEAF8326F}.Debug|x64.Build.0 = Debug|x64
		{967DC005-30C5-4274-85BD-725CEAF8326F}.Debug|x86.ActiveCfg = Debug|Win32
		{967DC005-30C5-4274-85BD-725CEAF8326F}.Debug|x86.Build.0 = Debug|Win32
		{967DC005-30C5-4274-85BD-725CEAF8326F}.Release|x64.ActiveCfg = Release|x64
		{967DC005-30C5-4274-85BD-725CEAF8326F}.Release|x64.Build.0 = Release|x64
		{967DC005-30C5-4274-85BD-725CEAF8326F}.Release|x86.ActiveCfg = Release|Win32
		{967DC005-30C5-4274-85BD-725CEAF8326F}.Release|x86.Build.0 = Release|Win32
		{EC782FCC-B168-4F2D-BD09-29148B672538}.Debug|x64.ActiveCfg = Debug|x64
		{EC782FCC-B168-4F2D-BD09-29148B672538}.Debug|x64.Build.0 = Debug|x64
		{EC782FCC-B168-4F2D-BD09-29148B672538}.Debug|x86.ActiveCfg = Debug|Win32
		{EC782FCC-B168-4F2D-BD09-29148B672538}.Debug|x86.Build.0 = Debug|Win32
		{EC782FCC-B168-4F2D-BD09-29148B672538}.Release|x64.ActiveCfg = Release|x64
		{EC782FCC-B168-4F2D-BD09-29148B672538}.Release|x64.Build.0 = Release|x64
		{EC782FCC-B168-4F2D-BD09-29148B672538}.Release|x86.ActiveCfg = Release|Win32
		{EC782FCC-B168-4F2D-BD09-29148B672538}.Release|x86.Build.0 = Release|Win32
		{2A5797C8-AD62-45B3-B19A-630DD803E951}.Debug|x64.ActiveCfg = Debug|x64
		{2A5797C8-AD62-45B3-B19A-630DD803E951}.Debug|x64.Build.0 = Debug|x64
		{2A5797C8-AD62-45B3-B19A-630DD803E951}.Debug|x86.ActiveCfg = Debug|Win32
		{2A5797C8-AD62-45B3-B19A-630DD803E951}.Debug|x86.Build.0 = Debug|Win32
		{2A5797C8-AD62-45B3-B19A-630DD803E951}.Release|x64.ActiveCfg = Release|x64
		{2A5797C8-AD62-45B3-B19A-630DD803E951}.Release|x64.Build.0 = Release|x64
		{2A5797C8-AD62-45B3-B19A-630DD803E951}.Release|x86.ActiveCfg = Release|Win32
		{2A5797C8-AD62-45B3-B19A-630DD803E951}.Release|x86.Build.0 = Release|Win32
		{DC14A235-7CDE-47EC-BD12-CF5201765171}.Debug|x64.ActiveCfg = Debug|x64
		{DC14A235-7CDE-47EC-BD12-CF5201765171}.Debug|x64.Build.0 = Debug|x64
		{DC14A235-7CDE-47EC-BD12-CF5201765171}.Debug|x86.ActiveCfg = Debug|Win32
		{DC14A235-7CDE-47EC-BD12-CF5201765171}.Debug|x86.Build.0 = Debug|Win32
		{DC14A235-7CDE-47EC-BD12-CF5201765171}.Release|x64.ActiveCfg = Release|x64
		{DC14A235-7CDE-47EC-BD12-CF5201765171}.Release|x64.Build.0 = Release|x64
		{DC14A235-7CDE-47EC-BD12-CF5201765171}.Release|x86.ActiveCfg = Release|Win32
		{DC14A235-7CDE-47EC-BD12-CF5201765171}.Release|x86.Build.0 = Release|Win32
		{E4F0D095-3636-429B-B34B-312486529DCB}.Debug|x64.ActiveCfg = Debug|x64
		{E4F0D095-3636-429B-B34B-312486529DCB}.Debug|x64.Build.0 = Debug|x64
		{E4F0D095-3636-429B-B34B-312486529DCB}.Debug|x86.ActiveCfg = Debug|Win32
		{E4F0D095-3636-429B-B34B-312486529DCB}.Debug|x86.Build.0 = Debug|Win32
		{E4F0D095-3636-429B-B34B-312486529DCB}.Release|x64.ActiveCfg = Release|x64
		{E4F0D095-3636-429B-B34B-312486529DCB}.Release|x64.Build.0 = Release|x64
		{E4F0D095-3636-429B-B34B-312486529DCB}.Release|x86.ActiveCfg = Release|Win32
		{E4F0D095-3636-429B-B34B-312486529DCB}.Release|x86.Build.0 = Release|Win32
	EndGlobalSection
	GlobalSection(SolutionProperties) = preSolution
		HideSolutionNode = FALSE
	EndGlobalSection
	GlobalSection(ExtensibilityGlobals) = postSolution
		SolutionGuid = {8E1A97D2-6CD4-41A5-8836-6EC9D5F14EE7}
	EndGlobalSection
EndGlobal
